
Microsoft Visual Studio Solution File, Format Version 12.00
# Visual Studio 15
VisualStudioVersion = 15.0.27004.2008
MinimumVisualStudioVersion = 10.0.40219.1
Project("{FAE04EC0-301F-11D3-BF4B-00C04F79EFBC}") = "WebServiceTask", "WebService_Task11\WebServiceTask.csproj", "{61E9706D-D951-449D-8519-C52A99CCBCFC}"
EndProject
Project("{FAE04EC0-301F-11D3-BF4B-00C04F79EFBC}") = "Client", "Client\Client.csproj", "{896BDD7E-2307-4FD9-BD4A-9AB8036C5D84}"
	ProjectSection(ProjectDependencies) = postProject
		{61E9706D-D951-449D-8519-C52A99CCBCFC} = {61E9706D-D951-449D-8519-C52A99CCBCFC}
	EndProjectSection
EndProject
Global
	GlobalSection(SolutionConfigurationPlatforms) = preSolution
		Debug|Any CPU = Debug|Any CPU
		Release|Any CPU = Release|Any CPU
	EndGlobalSection
	GlobalSection(ProjectConfigurationPlatforms) = postSolution
		{61E9706D-D951-449D-8519-C52A99CCBCFC}.Debug|Any CPU.ActiveCfg = Debug|Any CPU
		{61E9706D-D951-449D-8519-C52A99CCBCFC}.Debug|Any CPU.Build.0 = Debug|Any CPU
		{61E9706D-D951-449D-8519-C52A99CCBCFC}.Release|Any CPU.ActiveCfg = Release|Any CPU
		{61E9706D-D951-449D-8519-C52A99CCBCFC}.Release|Any CPU.Build.0 = Release|Any CPU
		{896BDD7E-2307-4FD9-BD4A-9AB8036C5D84}.Debug|Any CPU.ActiveCfg = Debug|Any CPU
		{896BDD7E-2307-4FD9-BD4A-9AB8036C5D84}.Debug|Any CPU.Build.0 = Debug|Any CPU
		{896BDD7E-2307-4FD9-BD4A-9AB8036C5D84}.Release|Any CPU.ActiveCfg = Release|Any CPU
		{896BDD7E-2307-4FD9-BD4A-9AB8036C5D84}.Release|Any CPU.Build.0 = Release|Any CPU
	EndGlobalSection
	GlobalSection(SolutionProperties) = preSolution
		HideSolutionNode = FALSE
	EndGlobalSection
	GlobalSection(ExtensibilityGlobals) = postSolution
		SolutionGuid = {D0917882-058D-4FDB-9099-CC82B6D683F8}
	EndGlobalSection
EndGlobal
